
Microsoft Visual Studio Solution File, Format Version 12.00
# Visual Studio Version 16
VisualStudioVersion = 16.0.32413.511
MinimumVisualStudioVersion = 10.0.40219.1
Project("{FAE04EC0-301F-11D3-BF4B-00C04F79EFBC}") = "ExceptionHandlingDemo", "ExceptionHandlingDemo\ExceptionHandlingDemo.csproj", "{FD42F5C6-8BA4-4957-90FF-E4030CAA790F}"
EndProject
Project("{FAE04EC0-301F-11D3-BF4B-00C04F79EFBC}") = "ExceptionsInWinform", "ExceptionsInWinform\ExceptionsInWinform.csproj", "{51B1BBCD-D662-4CB4-BE44-A739DEAB19BA}"
EndProject
Project("{FAE04EC0-301F-11D3-BF4B-00C04F79EFBC}") = "CalculationLibray", "CalculationLibray\CalculationLibray.csproj", "{5AFF6278-349E-4A36-A12A-9F0CC4E53CF9}"
EndProject
Global
	GlobalSection(SolutionConfigurationPlatforms) = preSolution
		Debug|Any CPU = Debug|Any CPU
		Release|Any CPU = Release|Any CPU
	EndGlobalSection
	GlobalSection(ProjectConfigurationPlatforms) = postSolution
		{FD42F5C6-8BA4-4957-90FF-E4030CAA790F}.Debug|Any CPU.ActiveCfg = Debug|Any CPU
		{FD42F5C6-8BA4-4957-90FF-E4030CAA790F}.Debug|Any CPU.Build.0 = Debug|Any CPU
		{FD42F5C6-8BA4-4957-90FF-E4030CAA790F}.Release|Any CPU.ActiveCfg = Release|Any CPU
		{FD42F5C6-8BA4-4957-90FF-E4030CAA790F}.Release|Any CPU.Build.0 = Release|Any CPU
		{51B1BBCD-D662-4CB4-BE44-A739DEAB19BA}.Debug|Any CPU.ActiveCfg = Debug|Any CPU
		{51B1BBCD-D662-4CB4-BE44-A739DEAB19BA}.Debug|Any CPU.Build.0 = Debug|Any CPU
		{51B1BBCD-D662-4CB4-BE44-A739DEAB19BA}.Release|Any CPU.ActiveCfg = Release|Any CPU
		{51B1BBCD-D662-4CB4-BE44-A739DEAB19BA}.Release|Any CPU.Build.0 = Release|Any CPU
		{5AFF6278-349E-4A36-A12A-9F0CC4E53CF9}.Debug|Any CPU.ActiveCfg = Debug|Any CPU
		{5AFF6278-349E-4A36-A12A-9F0CC4E53CF9}.Debug|Any CPU.Build.0 = Debug|Any CPU
		{5AFF6278-349E-4A36-A12A-9F0CC4E53CF9}.Release|Any CPU.ActiveCfg = Release|Any CPU
		{5AFF6278-349E-4A36-A12A-9F0CC4E53CF9}.Release|Any CPU.Build.0 = Release|Any CPU
	EndGlobalSection
	GlobalSection(SolutionProperties) = preSolution
		HideSolutionNode = FALSE
	EndGlobalSection
	GlobalSection(ExtensibilityGlobals) = postSolution
		SolutionGuid = {D96210FF-689D-441C-9C49-02A9EDD5ADCE}
	EndGlobalSection
EndGlobal
