
Microsoft Visual Studio Solution File, Format Version 12.00
# Visual Studio Version 16
VisualStudioVersion = 16.0.32413.511
MinimumVisualStudioVersion = 10.0.40219.1
Project("{FAE04EC0-301F-11D3-BF4B-00C04F79EFBC}") = "wpf_Styles", "wpf_Styles\wpf_Styles.csproj", "{CEAC2BAB-CECE-4473-A007-3BC4D18C2A8B}"
EndProject
Project("{FAE04EC0-301F-11D3-BF4B-00C04F79EFBC}") = "wpf_Styles_EventSetter", "wpf_Styles_EventSetter\wpf_Styles_EventSetter.csproj", "{E1215E20-395B-4BF4-9E8F-3EE41C286C55}"
EndProject
Project("{FAE04EC0-301F-11D3-BF4B-00C04F79EFBC}") = "wof_styles_Trigger", "wof_styles_Trigger\wof_styles_Trigger.csproj", "{BC9D4E36-68C5-44A1-9342-6EE3C60FBF9C}"
EndProject
Global
	GlobalSection(SolutionConfigurationPlatforms) = preSolution
		Debug|Any CPU = Debug|Any CPU
		Release|Any CPU = Release|Any CPU
	EndGlobalSection
	GlobalSection(ProjectConfigurationPlatforms) = postSolution
		{CEAC2BAB-CECE-4473-A007-3BC4D18C2A8B}.Debug|Any CPU.ActiveCfg = Debug|Any CPU
		{CEAC2BAB-CECE-4473-A007-3BC4D18C2A8B}.Debug|Any CPU.Build.0 = Debug|Any CPU
		{CEAC2BAB-CECE-4473-A007-3BC4D18C2A8B}.Release|Any CPU.ActiveCfg = Release|Any CPU
		{CEAC2BAB-CECE-4473-A007-3BC4D18C2A8B}.Release|Any CPU.Build.0 = Release|Any CPU
		{E1215E20-395B-4BF4-9E8F-3EE41C286C55}.Debug|Any CPU.ActiveCfg = Debug|Any CPU
		{E1215E20-395B-4BF4-9E8F-3EE41C286C55}.Debug|Any CPU.Build.0 = Debug|Any CPU
		{E1215E20-395B-4BF4-9E8F-3EE41C286C55}.Release|Any CPU.ActiveCfg = Release|Any CPU
		{E1215E20-395B-4BF4-9E8F-3EE41C286C55}.Release|Any CPU.Build.0 = Release|Any CPU
		{BC9D4E36-68C5-44A1-9342-6EE3C60FBF9C}.Debug|Any CPU.ActiveCfg = Debug|Any CPU
		{BC9D4E36-68C5-44A1-9342-6EE3C60FBF9C}.Debug|Any CPU.Build.0 = Debug|Any CPU
		{BC9D4E36-68C5-44A1-9342-6EE3C60FBF9C}.Release|Any CPU.ActiveCfg = Release|Any CPU
		{BC9D4E36-68C5-44A1-9342-6EE3C60FBF9C}.Release|Any CPU.Build.0 = Release|Any CPU
	EndGlobalSection
	GlobalSection(SolutionProperties) = preSolution
		HideSolutionNode = FALSE
	EndGlobalSection
	GlobalSection(ExtensibilityGlobals) = postSolution
		SolutionGuid = {FC817F52-58A3-489C-8293-4E0985C9612D}
	EndGlobalSection
EndGlobal
