
Microsoft Visual Studio Solution File, Format Version 12.00
# Visual Studio Version 16
VisualStudioVersion = 16.0.32413.511
MinimumVisualStudioVersion = 10.0.40219.1
Project("{FAE04EC0-301F-11D3-BF4B-00C04F79EFBC}") = "wpf_ResourcesBasic", "wpf_ResourcesBasic\wpf_ResourcesBasic.csproj", "{0139E867-08B3-4013-BEDE-7FED32F6D82E}"
EndProject
Project("{FAE04EC0-301F-11D3-BF4B-00C04F79EFBC}") = "CustomResourceLibrary", "CustomResourceLibrary\CustomResourceLibrary.csproj", "{0109BDF0-2BE3-4AFF-8D58-3D24E1EEC5F0}"
EndProject
Global
	GlobalSection(SolutionConfigurationPlatforms) = preSolution
		Debug|Any CPU = Debug|Any CPU
		Release|Any CPU = Release|Any CPU
	EndGlobalSection
	GlobalSection(ProjectConfigurationPlatforms) = postSolution
		{0139E867-08B3-4013-BEDE-7FED32F6D82E}.Debug|Any CPU.ActiveCfg = Debug|Any CPU
		{0139E867-08B3-4013-BEDE-7FED32F6D82E}.Debug|Any CPU.Build.0 = Debug|Any CPU
		{0139E867-08B3-4013-BEDE-7FED32F6D82E}.Release|Any CPU.ActiveCfg = Release|Any CPU
		{0139E867-08B3-4013-BEDE-7FED32F6D82E}.Release|Any CPU.Build.0 = Release|Any CPU
		{0109BDF0-2BE3-4AFF-8D58-3D24E1EEC5F0}.Debug|Any CPU.ActiveCfg = Debug|Any CPU
		{0109BDF0-2BE3-4AFF-8D58-3D24E1EEC5F0}.Debug|Any CPU.Build.0 = Debug|Any CPU
		{0109BDF0-2BE3-4AFF-8D58-3D24E1EEC5F0}.Release|Any CPU.ActiveCfg = Release|Any CPU
		{0109BDF0-2BE3-4AFF-8D58-3D24E1EEC5F0}.Release|Any CPU.Build.0 = Release|Any CPU
	EndGlobalSection
	GlobalSection(SolutionProperties) = preSolution
		HideSolutionNode = FALSE
	EndGlobalSection
	GlobalSection(ExtensibilityGlobals) = postSolution
		SolutionGuid = {04B43BE0-B941-4586-9323-DFD3CCA079D6}
	EndGlobalSection
EndGlobal
