
Microsoft Visual Studio Solution File, Format Version 12.00
# Visual Studio Version 16
VisualStudioVersion = 16.0.32413.511
MinimumVisualStudioVersion = 10.0.40219.1
Project("{FAE04EC0-301F-11D3-BF4B-00C04F79EFBC}") = "wpf_Commands_Basics", "wpf_Commands_Basics\wpf_Commands_Basics.csproj", "{8A488D60-0C70-40CA-8356-08955AE7736D}"
EndProject
Global
	GlobalSection(SolutionConfigurationPlatforms) = preSolution
		Debug|Any CPU = Debug|Any CPU
		Release|Any CPU = Release|Any CPU
	EndGlobalSection
	GlobalSection(ProjectConfigurationPlatforms) = postSolution
		{8A488D60-0C70-40CA-8356-08955AE7736D}.Debug|Any CPU.ActiveCfg = Debug|Any CPU
		{8A488D60-0C70-40CA-8356-08955AE7736D}.Debug|Any CPU.Build.0 = Debug|Any CPU
		{8A488D60-0C70-40CA-8356-08955AE7736D}.Release|Any CPU.ActiveCfg = Release|Any CPU
		{8A488D60-0C70-40CA-8356-08955AE7736D}.Release|Any CPU.Build.0 = Release|Any CPU
	EndGlobalSection
	GlobalSection(SolutionProperties) = preSolution
		HideSolutionNode = FALSE
	EndGlobalSection
	GlobalSection(ExtensibilityGlobals) = postSolution
		SolutionGuid = {130FF8A7-6500-4F60-A21F-89E260C2EFC8}
	EndGlobalSection
EndGlobal
